
Microsoft Visual Studio Solution File, Format Version 12.00
# Visual Studio 15
Project("{FAE04EC0-301F-11D3-BF4B-00C04F79EFBC}") = "Interface", "Interface\Interface.csproj", "{638F86A6-AE31-4FCF-9FE3-C40F0C11FACF}"
EndProject
Global
	GlobalSection(SolutionConfigurationPlatforms) = preSolution
		Debug|Any CPU = Debug|Any CPU
		Release|Any CPU = Release|Any CPU
	EndGlobalSection
	GlobalSection(ProjectConfigurationPlatforms) = postSolution
		{638F86A6-AE31-4FCF-9FE3-C40F0C11FACF}.Debug|Any CPU.ActiveCfg = Debug|Any CPU
		{638F86A6-AE31-4FCF-9FE3-C40F0C11FACF}.Debug|Any CPU.Build.0 = Debug|Any CPU
		{638F86A6-AE31-4FCF-9FE3-C40F0C11FACF}.Release|Any CPU.ActiveCfg = Release|Any CPU
		{638F86A6-AE31-4FCF-9FE3-C40F0C11FACF}.Release|Any CPU.Build.0 = Release|Any CPU
	EndGlobalSection
EndGlobal
